
Microsoft Visual Studio Solution File, Format Version 12.00
# Visual Studio Version 17
VisualStudioVersion = 17.4.33205.214
MinimumVisualStudioVersion = 10.0.40219.1
Project("{FAE04EC0-301F-11D3-BF4B-00C04F79EFBC}") = "ExpenseTrackerAPI", "ExpenseTrackerAPI\ExpenseTrackerAPI.csproj", "{3A0061AA-9C1F-4276-9889-194881B3F0A3}"
EndProject
Project("{FAE04EC0-301F-11D3-BF4B-00C04F79EFBC}") = "ExpenseTrackerMVC", "ExpenseTrackerMVC\ExpenseTrackerMVC.csproj", "{34205A81-A542-4CE2-9670-2E36C766B428}"
EndProject
Global
	GlobalSection(SolutionConfigurationPlatforms) = preSolution
		Debug|Any CPU = Debug|Any CPU
		Release|Any CPU = Release|Any CPU
	EndGlobalSection
	GlobalSection(ProjectConfigurationPlatforms) = postSolution
		{3A0061AA-9C1F-4276-9889-194881B3F0A3}.Debug|Any CPU.ActiveCfg = Debug|Any CPU
		{3A0061AA-9C1F-4276-9889-194881B3F0A3}.Debug|Any CPU.Build.0 = Debug|Any CPU
		{3A0061AA-9C1F-4276-9889-194881B3F0A3}.Release|Any CPU.ActiveCfg = Release|Any CPU
		{3A0061AA-9C1F-4276-9889-194881B3F0A3}.Release|Any CPU.Build.0 = Release|Any CPU
		{34205A81-A542-4CE2-9670-2E36C766B428}.Debug|Any CPU.ActiveCfg = Debug|Any CPU
		{34205A81-A542-4CE2-9670-2E36C766B428}.Debug|Any CPU.Build.0 = Debug|Any CPU
		{34205A81-A542-4CE2-9670-2E36C766B428}.Release|Any CPU.ActiveCfg = Release|Any CPU
		{34205A81-A542-4CE2-9670-2E36C766B428}.Release|Any CPU.Build.0 = Release|Any CPU
	EndGlobalSection
	GlobalSection(SolutionProperties) = preSolution
		HideSolutionNode = FALSE
	EndGlobalSection
	GlobalSection(ExtensibilityGlobals) = postSolution
		SolutionGuid = {5C008566-C64D-485C-BD14-FA4420B899CA}
	EndGlobalSection
EndGlobal
